
Microsoft Visual Studio Solution File, Format Version 12.00
# Visual Studio Version 17
VisualStudioVersion = 17.12.35707.178
MinimumVisualStudioVersion = 10.0.40219.1
Project("{FAE04EC0-301F-11D3-BF4B-00C04F79EFBC}") = "AnimatLabs.WorkflowEngine.Logger.Serilog", "src\AnimatLabs.WorkflowEngine.Logger.Serilog\AnimatLabs.WorkflowEngine.Logger.Serilog.csproj", "{4A8DACCD-3D4A-4C25-909F-7A85C9B654CE}"
EndProject
Project("{2150E333-8FDC-42A3-9474-1A3956D46DE8}") = "src", "src", "{02EA681E-C7D8-13C7-8484-4AC65E1B71E8}"
EndProject
Project("{2150E333-8FDC-42A3-9474-1A3956D46DE8}") = "tests", "tests", "{13794D12-B0E4-4F02-8179-D73069070656}"
EndProject
Project("{2150E333-8FDC-42A3-9474-1A3956D46DE8}") = "samples", "samples", "{85F25AF7-DE89-4278-B3DF-CEB81125013E}"
EndProject
Project("{FAE04EC0-301F-11D3-BF4B-00C04F79EFBC}") = "AnimatLabs.WorkflowEngine", "src\AnimatLabs.WorklfowEngine\AnimatLabs.WorkflowEngine.csproj", "{AC0738EA-62DD-711E-4BCC-B70898EB49BD}"
EndProject
Project("{FAE04EC0-301F-11D3-BF4B-00C04F79EFBC}") = "AnimatLabs.WorkflowEngine.Samples", "samples\AnimatLabs.FlowForge.Samples\AnimatLabs.WorkflowEngine.Samples.csproj", "{47908FB6-8B4B-E3CE-1B26-CC2687E331CC}"
EndProject
Project("{FAE04EC0-301F-11D3-BF4B-00C04F79EFBC}") = "AnimatLabs.WorkflowEngine.Middlewares.OpenTelemetry", "src\AnimatLabs.WorkflowEngine.Middlewares.OpenTelemetry\AnimatLabs.WorkflowEngine.Middlewares.OpenTelemetry.csproj", "{D745BC2E-B7E4-45E9-BEC4-25ABAE53C373}"
EndProject
Global
	GlobalSection(SolutionConfigurationPlatforms) = preSolution
		Debug|Any CPU = Debug|Any CPU
		Release|Any CPU = Release|Any CPU
	EndGlobalSection
	GlobalSection(ProjectConfigurationPlatforms) = postSolution
		{4A8DACCD-3D4A-4C25-909F-7A85C9B654CE}.Debug|Any CPU.ActiveCfg = Debug|Any CPU
		{4A8DACCD-3D4A-4C25-909F-7A85C9B654CE}.Debug|Any CPU.Build.0 = Debug|Any CPU
		{4A8DACCD-3D4A-4C25-909F-7A85C9B654CE}.Release|Any CPU.ActiveCfg = Release|Any CPU
		{4A8DACCD-3D4A-4C25-909F-7A85C9B654CE}.Release|Any CPU.Build.0 = Release|Any CPU
		{AC0738EA-62DD-711E-4BCC-B70898EB49BD}.Debug|Any CPU.ActiveCfg = Debug|Any CPU
		{AC0738EA-62DD-711E-4BCC-B70898EB49BD}.Debug|Any CPU.Build.0 = Debug|Any CPU
		{AC0738EA-62DD-711E-4BCC-B70898EB49BD}.Release|Any CPU.ActiveCfg = Release|Any CPU
		{AC0738EA-62DD-711E-4BCC-B70898EB49BD}.Release|Any CPU.Build.0 = Release|Any CPU
		{47908FB6-8B4B-E3CE-1B26-CC2687E331CC}.Debug|Any CPU.ActiveCfg = Debug|Any CPU
		{47908FB6-8B4B-E3CE-1B26-CC2687E331CC}.Debug|Any CPU.Build.0 = Debug|Any CPU
		{47908FB6-8B4B-E3CE-1B26-CC2687E331CC}.Release|Any CPU.ActiveCfg = Release|Any CPU
		{47908FB6-8B4B-E3CE-1B26-CC2687E331CC}.Release|Any CPU.Build.0 = Release|Any CPU
		{D745BC2E-B7E4-45E9-BEC4-25ABAE53C373}.Debug|Any CPU.ActiveCfg = Debug|Any CPU
		{D745BC2E-B7E4-45E9-BEC4-25ABAE53C373}.Debug|Any CPU.Build.0 = Debug|Any CPU
		{D745BC2E-B7E4-45E9-BEC4-25ABAE53C373}.Release|Any CPU.ActiveCfg = Release|Any CPU
		{D745BC2E-B7E4-45E9-BEC4-25ABAE53C373}.Release|Any CPU.Build.0 = Release|Any CPU
	EndGlobalSection
	GlobalSection(SolutionProperties) = preSolution
		HideSolutionNode = FALSE
	EndGlobalSection
	GlobalSection(NestedProjects) = preSolution
		{4A8DACCD-3D4A-4C25-909F-7A85C9B654CE} = {02EA681E-C7D8-13C7-8484-4AC65E1B71E8}
		{AC0738EA-62DD-711E-4BCC-B70898EB49BD} = {02EA681E-C7D8-13C7-8484-4AC65E1B71E8}
		{47908FB6-8B4B-E3CE-1B26-CC2687E331CC} = {85F25AF7-DE89-4278-B3DF-CEB81125013E}
		{D745BC2E-B7E4-45E9-BEC4-25ABAE53C373} = {02EA681E-C7D8-13C7-8484-4AC65E1B71E8}
	EndGlobalSection
	GlobalSection(ExtensibilityGlobals) = postSolution
		SolutionGuid = {6DA7D575-93B3-45EC-9E0F-A44E0F3595AC}
	EndGlobalSection
EndGlobal
